
Microsoft Visual Studio Solution File, Format Version 12.00
# Visual Studio Version 17
VisualStudioVersion = 17.7.34003.232
MinimumVisualStudioVersion = 10.0.40219.1
Project("{9A19103F-16F7-4668-BE54-9A1E7A4F7556}") = "AutomationDefense", "AutomationDefense.csproj", "{5A70A6BD-9426-42B1-AFE7-0A28AC3E754B}"
EndProject
Global
	GlobalSection(SolutionConfigurationPlatforms) = preSolution
		Debug|Any CPU = Debug|Any CPU
		Release|Any CPU = Release|Any CPU
	EndGlobalSection
	GlobalSection(ProjectConfigurationPlatforms) = postSolution
		{5A70A6BD-9426-42B1-AFE7-0A28AC3E754B}.Debug|Any CPU.ActiveCfg = Debug|Any CPU
		{5A70A6BD-9426-42B1-AFE7-0A28AC3E754B}.Debug|Any CPU.Build.0 = Debug|Any CPU
		{5A70A6BD-9426-42B1-AFE7-0A28AC3E754B}.Release|Any CPU.ActiveCfg = Release|Any CPU
		{5A70A6BD-9426-42B1-AFE7-0A28AC3E754B}.Release|Any CPU.Build.0 = Release|Any CPU
	EndGlobalSection
	GlobalSection(SolutionProperties) = preSolution
		HideSolutionNode = FALSE
	EndGlobalSection
	GlobalSection(ExtensibilityGlobals) = postSolution
		SolutionGuid = {EE4A3DE5-49DB-46A3-81AE-270F4441451F}
	EndGlobalSection
EndGlobal
